// !$*UTF8*$!
{
	archiveVersion = 1;
	classes = {
	};
	objectVersion = 56;
	objects = {

/* Begin PBXBuildFile section */
		2701AC5F29A14DC100B42B42 /* MoreDetailsController.swift in Sources */ = {isa = PBXBuildFile; fileRef = 2701AC5E29A14DC100B42B42 /* MoreDetailsController.swift */; };
		275410A1299F489C008DC8D6 /* AppDelegate.swift in Sources */ = {isa = PBXBuildFile; fileRef = 275410A0299F489C008DC8D6 /* AppDelegate.swift */; };
		275410A5299F489C008DC8D6 /* AboutMeController.swift in Sources */ = {isa = PBXBuildFile; fileRef = 275410A4299F489C008DC8D6 /* AboutMeController.swift */; };
		275410AA299F489D008DC8D6 /* Assets.xcassets in Resources */ = {isa = PBXBuildFile; fileRef = 275410A9299F489D008DC8D6 /* Assets.xcassets */; };
		275410AD299F489D008DC8D6 /* LaunchScreen.storyboard in Resources */ = {isa = PBXBuildFile; fileRef = 275410AB299F489D008DC8D6 /* LaunchScreen.storyboard */; };
		275410B5299F86C6008DC8D6 /* MainViewController.swift in Sources */ = {isa = PBXBuildFile; fileRef = 275410B4299F86C6008DC8D6 /* MainViewController.swift */; };
		275410B7299F871A008DC8D6 /* SkilsController.swift in Sources */ = {isa = PBXBuildFile; fileRef = 275410B6299F871A008DC8D6 /* SkilsController.swift */; };
		275410B9299F8729008DC8D6 /* HobbyController.swift in Sources */ = {isa = PBXBuildFile; fileRef = 275410B8299F8729008DC8D6 /* HobbyController.swift */; };
/* End PBXBuildFile section */

/* Begin PBXFileReference section */
		2701AC5E29A14DC100B42B42 /* MoreDetailsController.swift */ = {isa = PBXFileReference; lastKnownFileType = sourcecode.swift; path = MoreDetailsController.swift; sourceTree = "<group>"; };
		2754109D299F489C008DC8D6 /* AboutMeAppUIKitProgrammaticaly.app */ = {isa = PBXFileReference; explicitFileType = wrapper.application; includeInIndex = 0; path = AboutMeAppUIKitProgrammaticaly.app; sourceTree = BUILT_PRODUCTS_DIR; };
		275410A0299F489C008DC8D6 /* AppDelegate.swift */ = {isa = PBXFileReference; lastKnownFileType = sourcecode.swift; path = AppDelegate.swift; sourceTree = "<group>"; };
		275410A4299F489C008DC8D6 /* AboutMeController.swift */ = {isa = PBXFileReference; lastKnownFileType = sourcecode.swift; path = AboutMeController.swift; sourceTree = "<group>"; };
		275410A9299F489D008DC8D6 /* Assets.xcassets */ = {isa = PBXFileReference; lastKnownFileType = folder.assetcatalog; path = Assets.xcassets; sourceTree = "<group>"; };
		275410AC299F489D008DC8D6 /* Base */ = {isa = PBXFileReference; lastKnownFileType = file.storyboard; name = Base; path = Base.lproj/LaunchScreen.storyboard; sourceTree = "<group>"; };
		275410AE299F489D008DC8D6 /* Info.plist */ = {isa = PBXFileReference; lastKnownFileType = text.plist.xml; path = Info.plist; sourceTree = "<group>"; };
		275410B4299F86C6008DC8D6 /* MainViewController.swift */ = {isa = PBXFileReference; lastKnownFileType = sourcecode.swift; path = MainViewController.swift; sourceTree = "<group>"; };
		275410B6299F871A008DC8D6 /* SkilsController.swift */ = {isa = PBXFileReference; lastKnownFileType = sourcecode.swift; path = SkilsController.swift; sourceTree = "<group>"; };
		275410B8299F8729008DC8D6 /* HobbyController.swift */ = {isa = PBXFileReference; lastKnownFileType = sourcecode.swift; path = HobbyController.swift; sourceTree = "<group>"; };
/* End PBXFileReference section */

/* Begin PBXFrameworksBuildPhase section */
		2754109A299F489C008DC8D6 /* Frameworks */ = {
			isa = PBXFrameworksBuildPhase;
			buildActionMask = 2147483647;
			files = (
			);
			runOnlyForDeploymentPostprocessing = 0;
		};
/* End PBXFrameworksBuildPhase section */

/* Begin PBXGroup section */
		27541094299F489C008DC8D6 = {
			isa = PBXGroup;
			children = (
				2754109F299F489C008DC8D6 /* AboutMeAppUIKitProgrammaticaly */,
				2754109E299F489C008DC8D6 /* Products */,
			);
			sourceTree = "<group>";
		};
		2754109E299F489C008DC8D6 /* Products */ = {
			isa = PBXGroup;
			children = (
				2754109D299F489C008DC8D6 /* AboutMeAppUIKitProgrammaticaly.app */,
			);
			name = Products;
			sourceTree = "<group>";
		};
		2754109F299F489C008DC8D6 /* AboutMeAppUIKitProgrammaticaly */ = {
			isa = PBXGroup;
			children = (
				275410A0299F489C008DC8D6 /* AppDelegate.swift */,
				275410B4299F86C6008DC8D6 /* MainViewController.swift */,
				275410A4299F489C008DC8D6 /* AboutMeController.swift */,
				2701AC5E29A14DC100B42B42 /* MoreDetailsController.swift */,
				275410B6299F871A008DC8D6 /* SkilsController.swift */,
				275410B8299F8729008DC8D6 /* HobbyController.swift */,
				275410A9299F489D008DC8D6 /* Assets.xcassets */,
				275410AB299F489D008DC8D6 /* LaunchScreen.storyboard */,
				275410AE299F489D008DC8D6 /* Info.plist */,
			);
			path = AboutMeAppUIKitProgrammaticaly;
			sourceTree = "<group>";
		};
/* End PBXGroup section */

/* Begin PBXNativeTarget section */
		2754109C299F489C008DC8D6 /* AboutMeAppUIKitProgrammaticaly */ = {
			isa = PBXNativeTarget;
			buildConfigurationList = 275410B1299F489D008DC8D6 /* Build configuration list for PBXNativeTarget "AboutMeAppUIKitProgrammaticaly" */;
			buildPhases = (
				27541099299F489C008DC8D6 /* Sources */,
				2754109A299F489C008DC8D6 /* Frameworks */,
				2754109B299F489C008DC8D6 /* Resources */,
			);
			buildRules = (
			);
			dependencies = (
			);
			name = AboutMeAppUIKitProgrammaticaly;
			productName = AboutMeAppUIKitProgrammaticaly;
			productReference = 2754109D299F489C008DC8D6 /* AboutMeAppUIKitProgrammaticaly.app */;
			productType = "com.apple.product-type.application";
		};
/* End PBXNativeTarget section */

/* Begin PBXProject section */
		27541095299F489C008DC8D6 /* Project object */ = {
			isa = PBXProject;
			attributes = {
				BuildIndependentTargetsInParallel = 1;
				LastSwiftUpdateCheck = 1420;
				LastUpgradeCheck = 1420;
				TargetAttributes = {
					2754109C299F489C008DC8D6 = {
						CreatedOnToolsVersion = 14.2;
					};
				};
			};
			buildConfigurationList = 27541098299F489C008DC8D6 /* Build configuration list for PBXProject "AboutMeAppUIKitProgrammaticaly" */;
			compatibilityVersion = "Xcode 14.0";
			developmentRegion = en;
			hasScannedForEncodings = 0;
			knownRegions = (
				en,
				Base,
			);
			mainGroup = 27541094299F489C008DC8D6;
			productRefGroup = 2754109E299F489C008DC8D6 /* Products */;
			projectDirPath = "";
			projectRoot = "";
			targets = (
				2754109C299F489C008DC8D6 /* AboutMeAppUIKitProgrammaticaly */,
			);
		};
/* End PBXProject section */

/* Begin PBXResourcesBuildPhase section */
		2754109B299F489C008DC8D6 /* Resources */ = {
			isa = PBXResourcesBuildPhase;
			buildActionMask = 2147483647;
			files = (
				275410AD299F489D008DC8D6 /* LaunchScreen.storyboard in Resources */,
				275410AA299F489D008DC8D6 /* Assets.xcassets in Resources */,
			);
			runOnlyForDeploymentPostprocessing = 0;
		};
/* End PBXResourcesBuildPhase section */

/* Begin PBXSourcesBuildPhase section */
		27541099299F489C008DC8D6 /* Sources */ = {
			isa = PBXSourcesBuildPhase;
			buildActionMask = 2147483647;
			files = (
				275410B5299F86C6008DC8D6 /* MainViewController.swift in Sources */,
				275410A5299F489C008DC8D6 /* AboutMeController.swift in Sources */,
				275410B7299F871A008DC8D6 /* SkilsController.swift in Sources */,
				2701AC5F29A14DC100B42B42 /* MoreDetailsController.swift in Sources */,
				275410A1299F489C008DC8D6 /* AppDelegate.swift in Sources */,
				275410B9299F8729008DC8D6 /* HobbyController.swift in Sources */,
			);
			runOnlyForDeploymentPostprocessing = 0;
		};
/* End PBXSourcesBuildPhase section */

/* Begin PBXVariantGroup section */
		275410AB299F489D008DC8D6 /* LaunchScreen.storyboard */ = {
			isa = PBXVariantGroup;
			children = (
				275410AC299F489D008DC8D6 /* Base */,
			);
			name = LaunchScreen.storyboard;
			sourceTree = "<group>";
		};
/* End PBXVariantGroup section */

/* Begin XCBuildConfiguration section */
		275410AF299F489D008DC8D6 /* Debug */ = {
			isa = XCBuildConfiguration;
			buildSettings = {
				ALWAYS_SEARCH_USER_PATHS = NO;
				CLANG_ANALYZER_NONNULL = YES;
				CLANG_ANALYZER_NUMBER_OBJECT_CONVERSION = YES_AGGRESSIVE;
				CLANG_CXX_LANGUAGE_STANDARD = "gnu++20";
				CLANG_ENABLE_MODULES = YES;
				CLANG_ENABLE_OBJC_ARC = YES;
				CLANG_ENABLE_OBJC_WEAK = YES;
				CLANG_WARN_BLOCK_CAPTURE_AUTORELEASING = YES;
				CLANG_WARN_BOOL_CONVERSION = YES;
				CLANG_WARN_COMMA = YES;
				CLANG_WARN_CONSTANT_CONVERSION = YES;
				CLANG_WARN_DEPRECATED_OBJC_IMPLEMENTATIONS = YES;
				CLANG_WARN_DIRECT_OBJC_ISA_USAGE = YES_ERROR;
				CLANG_WARN_DOCUMENTATION_COMMENTS = YES;
				CLANG_WARN_EMPTY_BODY = YES;
				CLANG_WARN_ENUM_CONVERSION = YES;
				CLANG_WARN_INFINITE_RECURSION = YES;
				CLANG_WARN_INT_CONVERSION = YES;
				CLANG_WARN_NON_LITERAL_NULL_CONVERSION = YES;
				CLANG_WARN_OBJC_IMPLICIT_RETAIN_SELF = YES;
				CLANG_WARN_OBJC_LITERAL_CONVERSION = YES;
				CLANG_WARN_OBJC_ROOT_CLASS = YES_ERROR;
				CLANG_WARN_QUOTED_INCLUDE_IN_FRAMEWORK_HEADER = YES;
				CLANG_WARN_RANGE_LOOP_ANALYSIS = YES;
				CLANG_WARN_STRICT_PROTOTYPES = YES;
				CLANG_WARN_SUSPICIOUS_MOVE = YES;
				CLANG_WARN_UNGUARDED_AVAILABILITY = YES_AGGRESSIVE;
				CLANG_WARN_UNREACHABLE_CODE = YES;
				CLANG_WARN__DUPLICATE_METHOD_MATCH = YES;
				COPY_PHASE_STRIP = NO;
				DEBUG_INFORMATION_FORMAT = dwarf;
				ENABLE_STRICT_OBJC_MSGSEND = YES;
				ENABLE_TESTABILITY = YES;
				GCC_C_LANGUAGE_STANDARD = gnu11;
				GCC_DYNAMIC_NO_PIC = NO;
				GCC_NO_COMMON_BLOCKS = YES;
				GCC_OPTIMIZATION_LEVEL = 0;
				GCC_PREPROCESSOR_DEFINITIONS = (
					"DEBUG=1",
					"$(inherited)",
				);
				GCC_WARN_64_TO_32_BIT_CONVERSION = YES;
				GCC_WARN_ABOUT_RETURN_TYPE = YES_ERROR;
				GCC_WARN_UNDECLARED_SELECTOR = YES;
				GCC_WARN_UNINITIALIZED_AUTOS = YES_AGGRESSIVE;
				GCC_WARN_UNUSED_FUNCTION = YES;
				GCC_WARN_UNUSED_VARIABLE = YES;
				IPHONEOS_DEPLOYMENT_TARGET = 16.2;
				MTL_ENABLE_DEBUG_INFO = INCLUDE_SOURCE;
				MTL_FAST_MATH = YES;
				ONLY_ACTIVE_ARCH = YES;
				SDKROOT = iphoneos;
				SWIFT_ACTIVE_COMPILATION_CONDITIONS = DEBUG;
				SWIFT_OPTIMIZATION_LEVEL = "-Onone";
			};
			name = Debug;
		};
		275410B0299F489D008DC8D6 /* Release */ = {
			isa = XCBuildConfiguration;
			buildSettings = {
				ALWAYS_SEARCH_USER_PATHS = NO;
				CLANG_ANALYZER_NONNULL = YES;
				CLANG_ANALYZER_NUMBER_OBJECT_CONVERSION = YES_AGGRESSIVE;
				CLANG_CXX_LANGUAGE_STANDARD = "gnu++20";
				CLANG_ENABLE_MODULES = YES;
				CLANG_ENABLE_OBJC_ARC = YES;
				CLANG_ENABLE_OBJC_WEAK = YES;
				CLANG_WARN_BLOCK_CAPTURE_AUTORELEASING = YES;
				CLANG_WARN_BOOL_CONVERSION = YES;
				CLANG_WARN_COMMA = YES;
				CLANG_WARN_CONSTANT_CONVERSION = YES;
				CLANG_WARN_DEPRECATED_OBJC_IMPLEMENTATIONS = YES;
				CLANG_WARN_DIRECT_OBJC_ISA_USAGE = YES_ERROR;
				CLANG_WARN_DOCUMENTATION_COMMENTS = YES;
				CLANG_WARN_EMPTY_BODY = YES;
				CLANG_WARN_ENUM_CONVERSION = YES;
				CLANG_WARN_INFINITE_RECURSION = YES;
				CLANG_WARN_INT_CONVERSION = YES;
				CLANG_WARN_NON_LITERAL_NULL_CONVERSION = YES;
				CLANG_WARN_OBJC_IMPLICIT_RETAIN_SELF = YES;
				CLANG_WARN_OBJC_LITERAL_CONVERSION = YES;
				CLANG_WARN_OBJC_ROOT_CLASS = YES_ERROR;
				CLANG_WARN_QUOTED_INCLUDE_IN_FRAMEWORK_HEADER = YES;
				CLANG_WARN_RANGE_LOOP_ANALYSIS = YES;
				CLANG_WARN_STRICT_PROTOTYPES = YES;
				CLANG_WARN_SUSPICIOUS_MOVE = YES;
				CLANG_WARN_UNGUARDED_AVAILABILITY = YES_AGGRESSIVE;
				CLANG_WARN_UNREACHABLE_CODE = YES;
				CLANG_WARN__DUPLICATE_METHOD_MATCH = YES;
				COPY_PHASE_STRIP = NO;
				DEBUG_INFORMATION_FORMAT = "dwarf-with-dsym";
				ENABLE_NS_ASSERTIONS = NO;
				ENABLE_STRICT_OBJC_MSGSEND = YES;
				GCC_C_LANGUAGE_STANDARD = gnu11;
				GCC_NO_COMMON_BLOCKS = YES;
				GCC_WARN_64_TO_32_BIT_CONVERSION = YES;
				GCC_WARN_ABOUT_RETURN_TYPE = YES_ERROR;
				GCC_WARN_UNDECLARED_SELECTOR = YES;
				GCC_WARN_UNINITIALIZED_AUTOS = YES_AGGRESSIVE;
				GCC_WARN_UNUSED_FUNCTION = YES;
				GCC_WARN_UNUSED_VARIABLE = YES;
				IPHONEOS_DEPLOYMENT_TARGET = 16.2;
				MTL_ENABLE_DEBUG_INFO = NO;
				MTL_FAST_MATH = YES;
				SDKROOT = iphoneos;
				SWIFT_COMPILATION_MODE = wholemodule;
				SWIFT_OPTIMIZATION_LEVEL = "-O";
				VALIDATE_PRODUCT = YES;
			};
			name = Release;
		};
		275410B2299F489D008DC8D6 /* Debug */ = {
			isa = XCBuildConfiguration;
			buildSettings = {
				ASSETCATALOG_COMPILER_APPICON_NAME = AppIcon;
				ASSETCATALOG_COMPILER_GLOBAL_ACCENT_COLOR_NAME = AccentColor;
				CODE_SIGN_STYLE = Automatic;
				CURRENT_PROJECT_VERSION = 1;
				DEVELOPMENT_TEAM = J285UN6SDD;
				GENERATE_INFOPLIST_FILE = YES;
				INFOPLIST_FILE = AboutMeAppUIKitProgrammaticaly/Info.plist;
				INFOPLIST_KEY_UIApplicationSupportsIndirectInputEvents = YES;
				INFOPLIST_KEY_UILaunchStoryboardName = LaunchScreen;
				INFOPLIST_KEY_UIMainStoryboardFile = "";
				INFOPLIST_KEY_UISupportedInterfaceOrientations_iPad = "UIInterfaceOrientationPortrait UIInterfaceOrientationPortraitUpsideDown UIInterfaceOrientationLandscapeLeft UIInterfaceOrientationLandscapeRight";
				INFOPLIST_KEY_UISupportedInterfaceOrientations_iPhone = "UIInterfaceOrientationPortrait UIInterfaceOrientationLandscapeLeft UIInterfaceOrientationLandscapeRight";
				LD_RUNPATH_SEARCH_PATHS = (
					"$(inherited)",
					"@executable_path/Frameworks",
				);
				MARKETING_VERSION = 1.0;
				PRODUCT_BUNDLE_IDENTIFIER = "Daukes-Nurmukhan.AboutMeAppUIKitProgrammaticaly";
				PRODUCT_NAME = "$(TARGET_NAME)";
				SWIFT_EMIT_LOC_STRINGS = YES;
				SWIFT_VERSION = 5.0;
				TARGETED_DEVICE_FAMILY = "1,2";
			};
			name = Debug;
		};
		275410B3299F489D008DC8D6 /* Release */ = {
			isa = XCBuildConfiguration;
			buildSettings = {
				ASSETCATALOG_COMPILER_APPICON_NAME = AppIcon;
				ASSETCATALOG_COMPILER_GLOBAL_ACCENT_COLOR_NAME = AccentColor;
				CODE_SIGN_STYLE = Automatic;
				CURRENT_PROJECT_VERSION = 1;
				DEVELOPMENT_TEAM = J285UN6SDD;
				GENERATE_INFOPLIST_FILE = YES;
				INFOPLIST_FILE = AboutMeAppUIKitProgrammaticaly/Info.plist;
				INFOPLIST_KEY_UIApplicationSupportsIndirectInputEvents = YES;
				INFOPLIST_KEY_UILaunchStoryboardName = LaunchScreen;
				INFOPLIST_KEY_UIMainStoryboardFile = "";
				INFOPLIST_KEY_UISupportedInterfaceOrientations_iPad = "UIInterfaceOrientationPortrait UIInterfaceOrientationPortraitUpsideDown UIInterfaceOrientationLandscapeLeft UIInterfaceOrientationLandscapeRight";
				INFOPLIST_KEY_UISupportedInterfaceOrientations_iPhone = "UIInterfaceOrientationPortrait UIInterfaceOrientationLandscapeLeft UIInterfaceOrientationLandscapeRight";
				LD_RUNPATH_SEARCH_PATHS = (
					"$(inherited)",
					"@executable_path/Frameworks",
				);
				MARKETING_VERSION = 1.0;
				PRODUCT_BUNDLE_IDENTIFIER = "Daukes-Nurmukhan.AboutMeAppUIKitProgrammaticaly";
				PRODUCT_NAME = "$(TARGET_NAME)";
				SWIFT_EMIT_LOC_STRINGS = YES;
				SWIFT_VERSION = 5.0;
				TARGETED_DEVICE_FAMILY = "1,2";
			};
			name = Release;
		};
/* End XCBuildConfiguration section */

/* Begin XCConfigurationList section */
		27541098299F489C008DC8D6 /* Build configuration list for PBXProject "AboutMeAppUIKitProgrammaticaly" */ = {
			isa = XCConfigurationList;
			buildConfigurations = (
				275410AF299F489D008DC8D6 /* Debug */,
				275410B0299F489D008DC8D6 /* Release */,
			);
			defaultConfigurationIsVisible = 0;
			defaultConfigurationName = Release;
		};
		275410B1299F489D008DC8D6 /* Build configuration list for PBXNativeTarget "AboutMeAppUIKitProgrammaticaly" */ = {
			isa = XCConfigurationList;
			buildConfigurations = (
				275410B2299F489D008DC8D6 /* Debug */,
				275410B3299F489D008DC8D6 /* Release */,
			);
			defaultConfigurationIsVisible = 0;
			defaultConfigurationName = Release;
		};
/* End XCConfigurationList section */
	};
	rootObject = 27541095299F489C008DC8D6 /* Project object */;
}
